version: 1.0
shards:
  action-controller:
    github: spider-gazelle/action-controller
    version: 1.4.7

  active-model:
    github: spider-gazelle/active-model
    commit: cdbc87c51037949962e660504c7bec0295696021

  ameba:
    github: veelenga/ameba
    version: 0.9.1

  bisect:
    github: spider-gazelle/bisect
    version: 1.1.1

  cron_parser:
    github: kostya/cron_parser
    version: 0.2.0

  crystal-rethinkdb:
    github: kingsleyh/crystal-rethinkdb
    version: 0.1.6

  engine-driver:
    github: aca-labs/crystal-engine-driver
    commit: f63d18298cbbf0c82b7d66d4a06dcd4e735a0922

  engine-models:
    github: aca-labs/crystal-engine-models
    commit: b1a7a87f4598fb90de1fd600be56766128e8915b

  faker:
    github: askn/faker
    version: 0.4.0

  habitat:
    github: luckyframework/habitat
    version: 0.4.3

  ipaddress:
    github: Sija/ipaddress.cr
    version: 0.1.2

  kilt:
    github: jeromegn/kilt
    version: 0.4.0

  neuroplastic:
    github: aca-labs/neuroplastic
    commit: 148a6073b91e50c5b9f5132dd0c698694dfdd88d

  pinger:
    github: spider-gazelle/pinger
    commit: 27040459c3b974d2a443defcab4a6ab4cc75d196

  pool:
    github: ysbaddaden/pool
    version: 0.2.3

  priority-queue:
    github: spider-gazelle/priority-queue
    commit: cd8dc4f0803d7e00a4bb0d79e4c98c5d72223012

  promise:
    github: spider-gazelle/promise
    version: 1.1.2

  protobuf:
    github: jeromegn/protobuf.cr
    version: 2.1.2

  radix:
    github: luislavena/radix
    version: 0.3.9

  redis:
    github: stefanwille/crystal-redis
    version: 2.1.1

  rethinkdb-orm:
    github: spider-gazelle/rethinkdb-orm
    commit: 510ef572c1d9895cf14324e7deea73a7828995d4

  retriable:
    github: Sija/retriable.cr
    commit: 8cd9986bd89594c00bbeaae3fdeda4badfc59ab6

  ssh2:
    github: spider-gazelle/ssh2.cr
    commit: 117f7536411ec89ee079fe1f8a047db0c359bdad

  tasker:
    github: spider-gazelle/tasker
    version: 1.2.0

  tokenizer:
    github: spider-gazelle/tokenizer
    version: 1.0.1

