version: 1.0
shards:
  CrystalEmail:
    github: Nephos/CrystalEmail
    version: 0.2.4

  action-controller:
    github: spider-gazelle/action-controller
    version: 1.6.0

  active-model:
    github: spider-gazelle/active-model
    commit: 0bc32c0145e367e78b12725d28fa31ccf0b458f0

  ameba:
    github: veelenga/ameba
    version: 0.10.0

  bisect:
    github: spider-gazelle/bisect
    version: 1.1.1

  cron_parser:
    github: kostya/cron_parser
    version: 0.2.0

  crystal-rethinkdb:
    github: kingsleyh/crystal-rethinkdb
    version: 0.1.6

  engine-driver:
    github: aca-labs/crystal-engine-driver
    commit: b009df50c80f1df16a5b295282c355224b695cbf

  faker:
    github: askn/faker
    version: 0.4.0

  habitat:
    github: luckyframework/habitat
    version: 0.4.3

  ipaddress:
    github: Sija/ipaddress.cr
    version: 0.1.2

  jwt:
    github: crystal-community/jwt
    version: 1.1.1

  kilt:
    github: jeromegn/kilt
    version: 0.4.0

  neuroplastic:
    github: aca-labs/neuroplastic
    commit: f7a99e26aeed95f2c986a48e8428d097ed4f5f4e

  openssl_ext:
    github: stakach/openssl_ext
    version: 1.0.0

  pinger:
    github: spider-gazelle/pinger
    version: 1.0.0

  pool:
    github: ysbaddaden/pool
    version: 0.2.3

  priority-queue:
    github: spider-gazelle/priority-queue
    commit: cd8dc4f0803d7e00a4bb0d79e4c98c5d72223012

  promise:
    github: spider-gazelle/promise
    version: 1.1.2

  protobuf:
    github: jeromegn/protobuf.cr
    version: 2.1.2

  radix:
    github: luislavena/radix
    version: 0.3.9

  redis:
    github: stefanwille/crystal-redis
    version: 2.2.1

  rethinkdb-orm:
    github: spider-gazelle/rethinkdb-orm
    commit: 1f7a4f055baf87502c541af86d01cbac055cc6d7

  retriable:
    github: Sija/retriable.cr
    commit: 8cd9986bd89594c00bbeaae3fdeda4badfc59ab6

  scrypt:
    github: ysbaddaden/scrypt-crystal
    version: 0.3.0

  ssh2:
    github: spider-gazelle/ssh2.cr
    commit: 117f7536411ec89ee079fe1f8a047db0c359bdad

  tasker:
    github: spider-gazelle/tasker
    version: 1.2.0

  tokenizer:
    github: spider-gazelle/tokenizer
    version: 1.0.2

